// !$*UTF8*$!
{
	archiveVersion = 1;
	classes = {
	};
	objectVersion = 46;
	objects = {

/* Begin PBXBuildFile section */
		9477623E19C598FE00AD8117 /* AppDelegate.swift in Sources */ = {isa = PBXBuildFile; fileRef = 9477623D19C598FE00AD8117 /* AppDelegate.swift */; };
		9477624019C598FE00AD8117 /* ViewController.swift in Sources */ = {isa = PBXBuildFile; fileRef = 9477623F19C598FE00AD8117 /* ViewController.swift */; };
		9477624319C598FE00AD8117 /* Main.storyboard in Resources */ = {isa = PBXBuildFile; fileRef = 9477624119C598FE00AD8117 /* Main.storyboard */; };
		9477624519C598FE00AD8117 /* Images.xcassets in Resources */ = {isa = PBXBuildFile; fileRef = 9477624419C598FE00AD8117 /* Images.xcassets */; };
		9477625119C598FE00AD8117 /* PostcardTests.swift in Sources */ = {isa = PBXBuildFile; fileRef = 9477625019C598FE00AD8117 /* PostcardTests.swift */; };
/* End PBXBuildFile section */

/* Begin PBXContainerItemProxy section */
		9477624B19C598FE00AD8117 /* PBXContainerItemProxy */ = {
			isa = PBXContainerItemProxy;
			containerPortal = 9477623019C598FE00AD8117 /* Project object */;
			proxyType = 1;
			remoteGlobalIDString = 9477623719C598FE00AD8117;
			remoteInfo = Postcard;
		};
/* End PBXContainerItemProxy section */

/* Begin PBXFileReference section */
		9477623819C598FE00AD8117 /* Postcard.app */ = {isa = PBXFileReference; explicitFileType = wrapper.application; includeInIndex = 0; path = Postcard.app; sourceTree = BUILT_PRODUCTS_DIR; };
		9477623C19C598FE00AD8117 /* Info.plist */ = {isa = PBXFileReference; lastKnownFileType = text.plist.xml; path = Info.plist; sourceTree = "<group>"; };
		9477623D19C598FE00AD8117 /* AppDelegate.swift */ = {isa = PBXFileReference; lastKnownFileType = sourcecode.swift; path = AppDelegate.swift; sourceTree = "<group>"; };
		9477623F19C598FE00AD8117 /* ViewController.swift */ = {isa = PBXFileReference; lastKnownFileType = sourcecode.swift; path = ViewController.swift; sourceTree = "<group>"; };
		9477624219C598FE00AD8117 /* Base */ = {isa = PBXFileReference; lastKnownFileType = file.storyboard; name = Base; path = Base.lproj/Main.storyboard; sourceTree = "<group>"; };
		9477624419C598FE00AD8117 /* Images.xcassets */ = {isa = PBXFileReference; lastKnownFileType = folder.assetcatalog; path = Images.xcassets; sourceTree = "<group>"; };
		9477624A19C598FE00AD8117 /* PostcardTests.xctest */ = {isa = PBXFileReference; explicitFileType = wrapper.cfbundle; includeInIndex = 0; path = PostcardTests.xctest; sourceTree = BUILT_PRODUCTS_DIR; };
		9477624F19C598FE00AD8117 /* Info.plist */ = {isa = PBXFileReference; lastKnownFileType = text.plist.xml; path = Info.plist; sourceTree = "<group>"; };
		9477625019C598FE00AD8117 /* PostcardTests.swift */ = {isa = PBXFileReference; lastKnownFileType = sourcecode.swift; path = PostcardTests.swift; sourceTree = "<group>"; };
/* End PBXFileReference section */

/* Begin PBXFrameworksBuildPhase section */
		9477623519C598FE00AD8117 /* Frameworks */ = {
			isa = PBXFrameworksBuildPhase;
			buildActionMask = 2147483647;
			files = (
			);
			runOnlyForDeploymentPostprocessing = 0;
		};
		9477624719C598FE00AD8117 /* Frameworks */ = {
			isa = PBXFrameworksBuildPhase;
			buildActionMask = 2147483647;
			files = (
			);
			runOnlyForDeploymentPostprocessing = 0;
		};
/* End PBXFrameworksBuildPhase section */

/* Begin PBXGroup section */
		9477622F19C598FE00AD8117 = {
			isa = PBXGroup;
			children = (
				9477623A19C598FE00AD8117 /* Postcard */,
				9477624D19C598FE00AD8117 /* PostcardTests */,
				9477623919C598FE00AD8117 /* Products */,
			);
			sourceTree = "<group>";
		};
		9477623919C598FE00AD8117 /* Products */ = {
			isa = PBXGroup;
			children = (
				9477623819C598FE00AD8117 /* Postcard.app */,
				9477624A19C598FE00AD8117 /* PostcardTests.xctest */,
			);
			name = Products;
			sourceTree = "<group>";
		};
		9477623A19C598FE00AD8117 /* Postcard */ = {
			isa = PBXGroup;
			children = (
				9477623D19C598FE00AD8117 /* AppDelegate.swift */,
				9477623F19C598FE00AD8117 /* ViewController.swift */,
				9477624119C598FE00AD8117 /* Main.storyboard */,
				9477624419C598FE00AD8117 /* Images.xcassets */,
				9477623B19C598FE00AD8117 /* Supporting Files */,
			);
			path = Postcard;
			sourceTree = "<group>";
		};
		9477623B19C598FE00AD8117 /* Supporting Files */ = {
			isa = PBXGroup;
			children = (
				9477623C19C598FE00AD8117 /* Info.plist */,
			);
			name = "Supporting Files";
			sourceTree = "<group>";
		};
		9477624D19C598FE00AD8117 /* PostcardTests */ = {
			isa = PBXGroup;
			children = (
				9477625019C598FE00AD8117 /* PostcardTests.swift */,
				9477624E19C598FE00AD8117 /* Supporting Files */,
			);
			path = PostcardTests;
			sourceTree = "<group>";
		};
		9477624E19C598FE00AD8117 /* Supporting Files */ = {
			isa = PBXGroup;
			children = (
				9477624F19C598FE00AD8117 /* Info.plist */,
			);
			name = "Supporting Files";
			sourceTree = "<group>";
		};
/* End PBXGroup section */

/* Begin PBXNativeTarget section */
		9477623719C598FE00AD8117 /* Postcard */ = {
			isa = PBXNativeTarget;
			buildConfigurationList = 9477625419C598FE00AD8117 /* Build configuration list for PBXNativeTarget "Postcard" */;
			buildPhases = (
				9477623419C598FE00AD8117 /* Sources */,
				9477623519C598FE00AD8117 /* Frameworks */,
				9477623619C598FE00AD8117 /* Resources */,
			);
			buildRules = (
			);
			dependencies = (
			);
			name = Postcard;
			productName = Postcard;
			productReference = 9477623819C598FE00AD8117 /* Postcard.app */;
			productType = "com.apple.product-type.application";
		};
		9477624919C598FE00AD8117 /* PostcardTests */ = {
			isa = PBXNativeTarget;
			buildConfigurationList = 9477625719C598FE00AD8117 /* Build configuration list for PBXNativeTarget "PostcardTests" */;
			buildPhases = (
				9477624619C598FE00AD8117 /* Sources */,
				9477624719C598FE00AD8117 /* Frameworks */,
				9477624819C598FE00AD8117 /* Resources */,
			);
			buildRules = (
			);
			dependencies = (
				9477624C19C598FE00AD8117 /* PBXTargetDependency */,
			);
			name = PostcardTests;
			productName = PostcardTests;
			productReference = 9477624A19C598FE00AD8117 /* PostcardTests.xctest */;
			productType = "com.apple.product-type.bundle.unit-test";
		};
/* End PBXNativeTarget section */

/* Begin PBXProject section */
		9477623019C598FE00AD8117 /* Project object */ = {
			isa = PBXProject;
			attributes = {
				LastUpgradeCheck = 0600;
				ORGANIZATIONNAME = philippreinmann.com;
				TargetAttributes = {
					9477623719C598FE00AD8117 = {
						CreatedOnToolsVersion = 6.0;
					};
					9477624919C598FE00AD8117 = {
						CreatedOnToolsVersion = 6.0;
						TestTargetID = 9477623719C598FE00AD8117;
					};
				};
			};
			buildConfigurationList = 9477623319C598FE00AD8117 /* Build configuration list for PBXProject "Postcard" */;
			compatibilityVersion = "Xcode 3.2";
			developmentRegion = English;
			hasScannedForEncodings = 0;
			knownRegions = (
				en,
				Base,
			);
			mainGroup = 9477622F19C598FE00AD8117;
			productRefGroup = 9477623919C598FE00AD8117 /* Products */;
			projectDirPath = "";
			projectRoot = "";
			targets = (
				9477623719C598FE00AD8117 /* Postcard */,
				9477624919C598FE00AD8117 /* PostcardTests */,
			);
		};
/* End PBXProject section */

/* Begin PBXResourcesBuildPhase section */
		9477623619C598FE00AD8117 /* Resources */ = {
			isa = PBXResourcesBuildPhase;
			buildActionMask = 2147483647;
			files = (
				9477624319C598FE00AD8117 /* Main.storyboard in Resources */,
				9477624519C598FE00AD8117 /* Images.xcassets in Resources */,
			);
			runOnlyForDeploymentPostprocessing = 0;
		};
		9477624819C598FE00AD8117 /* Resources */ = {
			isa = PBXResourcesBuildPhase;
			buildActionMask = 2147483647;
			files = (
			);
			runOnlyForDeploymentPostprocessing = 0;
		};
/* End PBXResourcesBuildPhase section */

/* Begin PBXSourcesBuildPhase section */
		9477623419C598FE00AD8117 /* Sources */ = {
			isa = PBXSourcesBuildPhase;
			buildActionMask = 2147483647;
			files = (
				9477624019C598FE00AD8117 /* ViewController.swift in Sources */,
				9477623E19C598FE00AD8117 /* AppDelegate.swift in Sources */,
			);
			runOnlyForDeploymentPostprocessing = 0;
		};
		9477624619C598FE00AD8117 /* Sources */ = {
			isa = PBXSourcesBuildPhase;
			buildActionMask = 2147483647;
			files = (
				9477625119C598FE00AD8117 /* PostcardTests.swift in Sources */,
			);
			runOnlyForDeploymentPostprocessing = 0;
		};
/* End PBXSourcesBuildPhase section */

/* Begin PBXTargetDependency section */
		9477624C19C598FE00AD8117 /* PBXTargetDependency */ = {
			isa = PBXTargetDependency;
			target = 9477623719C598FE00AD8117 /* Postcard */;
			targetProxy = 9477624B19C598FE00AD8117 /* PBXContainerItemProxy */;
		};
/* End PBXTargetDependency section */

/* Begin PBXVariantGroup section */
		9477624119C598FE00AD8117 /* Main.storyboard */ = {
			isa = PBXVariantGroup;
			children = (
				9477624219C598FE00AD8117 /* Base */,
			);
			name = Main.storyboard;
			sourceTree = "<group>";
		};
/* End PBXVariantGroup section */

/* Begin XCBuildConfiguration section */
		9477625219C598FE00AD8117 /* Debug */ = {
			isa = XCBuildConfiguration;
			buildSettings = {
				ALWAYS_SEARCH_USER_PATHS = NO;
				CLANG_CXX_LANGUAGE_STANDARD = "gnu++0x";
				CLANG_CXX_LIBRARY = "libc++";
				CLANG_ENABLE_MODULES = YES;
				CLANG_ENABLE_OBJC_ARC = YES;
				CLANG_WARN_BOOL_CONVERSION = YES;
				CLANG_WARN_CONSTANT_CONVERSION = YES;
				CLANG_WARN_DIRECT_OBJC_ISA_USAGE = YES_ERROR;
				CLANG_WARN_EMPTY_BODY = YES;
				CLANG_WARN_ENUM_CONVERSION = YES;
				CLANG_WARN_INT_CONVERSION = YES;
				CLANG_WARN_OBJC_ROOT_CLASS = YES_ERROR;
				CLANG_WARN_UNREACHABLE_CODE = YES;
				CLANG_WARN__DUPLICATE_METHOD_MATCH = YES;
				"CODE_SIGN_IDENTITY[sdk=iphoneos*]" = "iPhone Developer";
				COPY_PHASE_STRIP = NO;
				ENABLE_STRICT_OBJC_MSGSEND = YES;
				GCC_C_LANGUAGE_STANDARD = gnu99;
				GCC_DYNAMIC_NO_PIC = NO;
				GCC_OPTIMIZATION_LEVEL = 0;
				GCC_PREPROCESSOR_DEFINITIONS = (
					"DEBUG=1",
					"$(inherited)",
				);
				GCC_SYMBOLS_PRIVATE_EXTERN = NO;
				GCC_WARN_64_TO_32_BIT_CONVERSION = YES;
				GCC_WARN_ABOUT_RETURN_TYPE = YES_ERROR;
				GCC_WARN_UNDECLARED_SELECTOR = YES;
				GCC_WARN_UNINITIALIZED_AUTOS = YES_AGGRESSIVE;
				GCC_WARN_UNUSED_FUNCTION = YES;
				GCC_WARN_UNUSED_VARIABLE = YES;
				IPHONEOS_DEPLOYMENT_TARGET = 8.0;
				MTL_ENABLE_DEBUG_INFO = YES;
				ONLY_ACTIVE_ARCH = YES;
				SDKROOT = iphoneos;
				SWIFT_OPTIMIZATION_LEVEL = "-Onone";
			};
			name = Debug;
		};
		9477625319C598FE00AD8117 /* Release */ = {
			isa = XCBuildConfiguration;
			buildSettings = {
				ALWAYS_SEARCH_USER_PATHS = NO;
				CLANG_CXX_LANGUAGE_STANDARD = "gnu++0x";
				CLANG_CXX_LIBRARY = "libc++";
				CLANG_ENABLE_MODULES = YES;
				CLANG_ENABLE_OBJC_ARC = YES;
				CLANG_WARN_BOOL_CONVERSION = YES;
				CLANG_WARN_CONSTANT_CONVERSION = YES;
				CLANG_WARN_DIRECT_OBJC_ISA_USAGE = YES_ERROR;
				CLANG_WARN_EMPTY_BODY = YES;
				CLANG_WARN_ENUM_CONVERSION = YES;
				CLANG_WARN_INT_CONVERSION = YES;
				CLANG_WARN_OBJC_ROOT_CLASS = YES_ERROR;
				CLANG_WARN_UNREACHABLE_CODE = YES;
				CLANG_WARN__DUPLICATE_METHOD_MATCH = YES;
				"CODE_SIGN_IDENTITY[sdk=iphoneos*]" = "iPhone Developer";
				COPY_PHASE_STRIP = YES;
				ENABLE_NS_ASSERTIONS = NO;
				ENABLE_STRICT_OBJC_MSGSEND = YES;
				GCC_C_LANGUAGE_STANDARD = gnu99;
				GCC_WARN_64_TO_32_BIT_CONVERSION = YES;
				GCC_WARN_ABOUT_RETURN_TYPE = YES_ERROR;
				GCC_WARN_UNDECLARED_SELECTOR = YES;
				GCC_WARN_UNINITIALIZED_AUTOS = YES_AGGRESSIVE;
				GCC_WARN_UNUSED_FUNCTION = YES;
				GCC_WARN_UNUSED_VARIABLE = YES;
				IPHONEOS_DEPLOYMENT_TARGET = 8.0;
				MTL_ENABLE_DEBUG_INFO = NO;
				SDKROOT = iphoneos;
				VALIDATE_PRODUCT = YES;
			};
			name = Release;
		};
		9477625519C598FE00AD8117 /* Debug */ = {
			isa = XCBuildConfiguration;
			buildSettings = {
				ASSETCATALOG_COMPILER_APPICON_NAME = AppIcon;
				ASSETCATALOG_COMPILER_LAUNCHIMAGE_NAME = LaunchImage;
				INFOPLIST_FILE = Postcard/Info.plist;
				LD_RUNPATH_SEARCH_PATHS = "$(inherited) @executable_path/Frameworks";
				PRODUCT_NAME = "$(TARGET_NAME)";
			};
			name = Debug;
		};
		9477625619C598FE00AD8117 /* Release */ = {
			isa = XCBuildConfiguration;
			buildSettings = {
				ASSETCATALOG_COMPILER_APPICON_NAME = AppIcon;
				ASSETCATALOG_COMPILER_LAUNCHIMAGE_NAME = LaunchImage;
				INFOPLIST_FILE = Postcard/Info.plist;
				LD_RUNPATH_SEARCH_PATHS = "$(inherited) @executable_path/Frameworks";
				PRODUCT_NAME = "$(TARGET_NAME)";
			};
			name = Release;
		};
		9477625819C598FE00AD8117 /* Debug */ = {
			isa = XCBuildConfiguration;
			buildSettings = {
				BUNDLE_LOADER = "$(BUILT_PRODUCTS_DIR)/Postcard.app/Postcard";
				FRAMEWORK_SEARCH_PATHS = (
					"$(SDKROOT)/Developer/Library/Frameworks",
					"$(inherited)",
				);
				GCC_PREPROCESSOR_DEFINITIONS = (
					"DEBUG=1",
					"$(inherited)",
				);
				INFOPLIST_FILE = PostcardTests/Info.plist;
				LD_RUNPATH_SEARCH_PATHS = "$(inherited) @executable_path/Frameworks @loader_path/Frameworks";
				PRODUCT_NAME = "$(TARGET_NAME)";
				TEST_HOST = "$(BUNDLE_LOADER)";
			};
			name = Debug;
		};
		9477625919C598FE00AD8117 /* Release */ = {
			isa = XCBuildConfiguration;
			buildSettings = {
				BUNDLE_LOADER = "$(BUILT_PRODUCTS_DIR)/Postcard.app/Postcard";
				FRAMEWORK_SEARCH_PATHS = (
					"$(SDKROOT)/Developer/Library/Frameworks",
					"$(inherited)",
				);
				INFOPLIST_FILE = PostcardTests/Info.plist;
				LD_RUNPATH_SEARCH_PATHS = "$(inherited) @executable_path/Frameworks @loader_path/Frameworks";
				PRODUCT_NAME = "$(TARGET_NAME)";
				TEST_HOST = "$(BUNDLE_LOADER)";
			};
			name = Release;
		};
/* End XCBuildConfiguration section */

/* Begin XCConfigurationList section */
		9477623319C598FE00AD8117 /* Build configuration list for PBXProject "Postcard" */ = {
			isa = XCConfigurationList;
			buildConfigurations = (
				9477625219C598FE00AD8117 /* Debug */,
				9477625319C598FE00AD8117 /* Release */,
			);
			defaultConfigurationIsVisible = 0;
			defaultConfigurationName = Release;
		};
		9477625419C598FE00AD8117 /* Build configuration list for PBXNativeTarget "Postcard" */ = {
			isa = XCConfigurationList;
			buildConfigurations = (
				9477625519C598FE00AD8117 /* Debug */,
				9477625619C598FE00AD8117 /* Release */,
			);
			defaultConfigurationIsVisible = 0;
		};
		9477625719C598FE00AD8117 /* Build configuration list for PBXNativeTarget "PostcardTests" */ = {
			isa = XCConfigurationList;
			buildConfigurations = (
				9477625819C598FE00AD8117 /* Debug */,
				9477625919C598FE00AD8117 /* Release */,
			);
			defaultConfigurationIsVisible = 0;
		};
/* End XCConfigurationList section */
	};
	rootObject = 9477623019C598FE00AD8117 /* Project object */;
}
